
Microsoft Visual Studio Solution File, Format Version 11.00
# Visual Studio 2010
Project("{FAE04EC0-301F-11D3-BF4B-00C04F79EFBC}") = "winq_linq", "winq_linq\winq_linq.csproj", "{F626C7C9-A03E-4555-8795-CCD397C3BBD7}"
EndProject
Global
	GlobalSection(SolutionConfigurationPlatforms) = preSolution
		Debug|x86 = Debug|x86
		Release|x86 = Release|x86
	EndGlobalSection
	GlobalSection(ProjectConfigurationPlatforms) = postSolution
		{F626C7C9-A03E-4555-8795-CCD397C3BBD7}.Debug|x86.ActiveCfg = Debug|x86
		{F626C7C9-A03E-4555-8795-CCD397C3BBD7}.Debug|x86.Build.0 = Debug|x86
		{F626C7C9-A03E-4555-8795-CCD397C3BBD7}.Release|x86.ActiveCfg = Release|x86
		{F626C7C9-A03E-4555-8795-CCD397C3BBD7}.Release|x86.Build.0 = Release|x86
	EndGlobalSection
	GlobalSection(SolutionProperties) = preSolution
		HideSolutionNode = FALSE
	EndGlobalSection
EndGlobal
